// !$*UTF8*$!
{
	archiveVersion = 1;
	classes = {
	};
	objectVersion = 46;
	objects = {

/* Begin PBXBuildFile section */
		2DC74F6D1517EBFA003AC010 /* UIKit.framework in Frameworks */ = {isa = PBXBuildFile; fileRef = 2DC74F6C1517EBFA003AC010 /* UIKit.framework */; };
		2DC74F6F1517EBFA003AC010 /* Foundation.framework in Frameworks */ = {isa = PBXBuildFile; fileRef = 2DC74F6E1517EBFA003AC010 /* Foundation.framework */; };
		2DC74F711517EBFA003AC010 /* CoreGraphics.framework in Frameworks */ = {isa = PBXBuildFile; fileRef = 2DC74F701517EBFA003AC010 /* CoreGraphics.framework */; };
		2DC74F771517EBFA003AC010 /* InfoPlist.strings in Resources */ = {isa = PBXBuildFile; fileRef = 2DC74F751517EBFA003AC010 /* InfoPlist.strings */; };
		2DC74F791517EBFA003AC010 /* main.m in Sources */ = {isa = PBXBuildFile; fileRef = 2DC74F781517EBFA003AC010 /* main.m */; };
		2DC74F7D1517EBFA003AC010 /* SPAppDelegate.m in Sources */ = {isa = PBXBuildFile; fileRef = 2DC74F7C1517EBFA003AC010 /* SPAppDelegate.m */; };
		2DC74F861517ED08003AC010 /* MainWindow.xib in Resources */ = {isa = PBXBuildFile; fileRef = 2DC74F851517ED08003AC010 /* MainWindow.xib */; };
		2DC74F8A1517F76F003AC010 /* SPHeavyViewController.m in Sources */ = {isa = PBXBuildFile; fileRef = 2DC74F881517F76F003AC010 /* SPHeavyViewController.m */; };
		2DC74F8B1517F76F003AC010 /* SPHeavyViewController.xib in Resources */ = {isa = PBXBuildFile; fileRef = 2DC74F891517F76F003AC010 /* SPHeavyViewController.xib */; };
		2DC74F8D1517F85F003AC010 /* shady@shadyproject.net_62a6ff80.jpg in Resources */ = {isa = PBXBuildFile; fileRef = 2DC74F8C1517F85F003AC010 /* shady@shadyproject.net_62a6ff80.jpg */; };
/* End PBXBuildFile section */

/* Begin PBXFileReference section */
		2DC74F681517EBFA003AC010 /* HeavyRotation.app */ = {isa = PBXFileReference; explicitFileType = wrapper.application; includeInIndex = 0; path = HeavyRotation.app; sourceTree = BUILT_PRODUCTS_DIR; };
		2DC74F6C1517EBFA003AC010 /* UIKit.framework */ = {isa = PBXFileReference; lastKnownFileType = wrapper.framework; name = UIKit.framework; path = System/Library/Frameworks/UIKit.framework; sourceTree = SDKROOT; };
		2DC74F6E1517EBFA003AC010 /* Foundation.framework */ = {isa = PBXFileReference; lastKnownFileType = wrapper.framework; name = Foundation.framework; path = System/Library/Frameworks/Foundation.framework; sourceTree = SDKROOT; };
		2DC74F701517EBFA003AC010 /* CoreGraphics.framework */ = {isa = PBXFileReference; lastKnownFileType = wrapper.framework; name = CoreGraphics.framework; path = System/Library/Frameworks/CoreGraphics.framework; sourceTree = SDKROOT; };
		2DC74F741517EBFA003AC010 /* HeavyRotation-Info.plist */ = {isa = PBXFileReference; lastKnownFileType = text.plist.xml; path = "HeavyRotation-Info.plist"; sourceTree = "<group>"; };
		2DC74F761517EBFA003AC010 /* en */ = {isa = PBXFileReference; lastKnownFileType = text.plist.strings; name = en; path = en.lproj/InfoPlist.strings; sourceTree = "<group>"; };
		2DC74F781517EBFA003AC010 /* main.m */ = {isa = PBXFileReference; lastKnownFileType = sourcecode.c.objc; path = main.m; sourceTree = "<group>"; };
		2DC74F7A1517EBFA003AC010 /* HeavyRotation-Prefix.pch */ = {isa = PBXFileReference; lastKnownFileType = sourcecode.c.h; path = "HeavyRotation-Prefix.pch"; sourceTree = "<group>"; };
		2DC74F7B1517EBFA003AC010 /* SPAppDelegate.h */ = {isa = PBXFileReference; lastKnownFileType = sourcecode.c.h; path = SPAppDelegate.h; sourceTree = "<group>"; };
		2DC74F7C1517EBFA003AC010 /* SPAppDelegate.m */ = {isa = PBXFileReference; lastKnownFileType = sourcecode.c.objc; path = SPAppDelegate.m; sourceTree = "<group>"; };
		2DC74F851517ED08003AC010 /* MainWindow.xib */ = {isa = PBXFileReference; fileEncoding = 4; lastKnownFileType = file.xib; name = MainWindow.xib; path = ../MainWindow.xib; sourceTree = "<group>"; };
		2DC74F871517F76F003AC010 /* SPHeavyViewController.h */ = {isa = PBXFileReference; fileEncoding = 4; lastKnownFileType = sourcecode.c.h; path = SPHeavyViewController.h; sourceTree = "<group>"; };
		2DC74F881517F76F003AC010 /* SPHeavyViewController.m */ = {isa = PBXFileReference; fileEncoding = 4; lastKnownFileType = sourcecode.c.objc; path = SPHeavyViewController.m; sourceTree = "<group>"; };
		2DC74F891517F76F003AC010 /* SPHeavyViewController.xib */ = {isa = PBXFileReference; fileEncoding = 4; lastKnownFileType = file.xib; path = SPHeavyViewController.xib; sourceTree = "<group>"; };
		2DC74F8C1517F85F003AC010 /* shady@shadyproject.net_62a6ff80.jpg */ = {isa = PBXFileReference; lastKnownFileType = image.jpeg; name = "shady@shadyproject.net_62a6ff80.jpg"; path = "../shady@shadyproject.net_62a6ff80.jpg"; sourceTree = "<group>"; };
/* End PBXFileReference section */

/* Begin PBXFrameworksBuildPhase section */
		2DC74F651517EBFA003AC010 /* Frameworks */ = {
			isa = PBXFrameworksBuildPhase;
			buildActionMask = 2147483647;
			files = (
				2DC74F6D1517EBFA003AC010 /* UIKit.framework in Frameworks */,
				2DC74F6F1517EBFA003AC010 /* Foundation.framework in Frameworks */,
				2DC74F711517EBFA003AC010 /* CoreGraphics.framework in Frameworks */,
			);
			runOnlyForDeploymentPostprocessing = 0;
		};
/* End PBXFrameworksBuildPhase section */

/* Begin PBXGroup section */
		2DC74F5D1517EBF9003AC010 = {
			isa = PBXGroup;
			children = (
				2DC74F721517EBFA003AC010 /* HeavyRotation */,
				2DC74F6B1517EBFA003AC010 /* Frameworks */,
				2DC74F691517EBFA003AC010 /* Products */,
			);
			sourceTree = "<group>";
		};
		2DC74F691517EBFA003AC010 /* Products */ = {
			isa = PBXGroup;
			children = (
				2DC74F681517EBFA003AC010 /* HeavyRotation.app */,
			);
			name = Products;
			sourceTree = "<group>";
		};
		2DC74F6B1517EBFA003AC010 /* Frameworks */ = {
			isa = PBXGroup;
			children = (
				2DC74F6C1517EBFA003AC010 /* UIKit.framework */,
				2DC74F6E1517EBFA003AC010 /* Foundation.framework */,
				2DC74F701517EBFA003AC010 /* CoreGraphics.framework */,
			);
			name = Frameworks;
			sourceTree = "<group>";
		};
		2DC74F721517EBFA003AC010 /* HeavyRotation */ = {
			isa = PBXGroup;
			children = (
				2DC74F7B1517EBFA003AC010 /* SPAppDelegate.h */,
				2DC74F7C1517EBFA003AC010 /* SPAppDelegate.m */,
				2DC74F851517ED08003AC010 /* MainWindow.xib */,
				2DC74F731517EBFA003AC010 /* Supporting Files */,
				2DC74F871517F76F003AC010 /* SPHeavyViewController.h */,
				2DC74F881517F76F003AC010 /* SPHeavyViewController.m */,
				2DC74F891517F76F003AC010 /* SPHeavyViewController.xib */,
			);
			path = HeavyRotation;
			sourceTree = "<group>";
		};
		2DC74F731517EBFA003AC010 /* Supporting Files */ = {
			isa = PBXGroup;
			children = (
				2DC74F8C1517F85F003AC010 /* shady@shadyproject.net_62a6ff80.jpg */,
				2DC74F741517EBFA003AC010 /* HeavyRotation-Info.plist */,
				2DC74F751517EBFA003AC010 /* InfoPlist.strings */,
				2DC74F781517EBFA003AC010 /* main.m */,
				2DC74F7A1517EBFA003AC010 /* HeavyRotation-Prefix.pch */,
			);
			name = "Supporting Files";
			sourceTree = "<group>";
		};
/* End PBXGroup section */

/* Begin PBXNativeTarget section */
		2DC74F671517EBFA003AC010 /* HeavyRotation */ = {
			isa = PBXNativeTarget;
			buildConfigurationList = 2DC74F801517EBFA003AC010 /* Build configuration list for PBXNativeTarget "HeavyRotation" */;
			buildPhases = (
				2DC74F641517EBFA003AC010 /* Sources */,
				2DC74F651517EBFA003AC010 /* Frameworks */,
				2DC74F661517EBFA003AC010 /* Resources */,
			);
			buildRules = (
			);
			dependencies = (
			);
			name = HeavyRotation;
			productName = HeavyRotation;
			productReference = 2DC74F681517EBFA003AC010 /* HeavyRotation.app */;
			productType = "com.apple.product-type.application";
		};
/* End PBXNativeTarget section */

/* Begin PBXProject section */
		2DC74F5F1517EBF9003AC010 /* Project object */ = {
			isa = PBXProject;
			attributes = {
				LastUpgradeCheck = 0420;
				ORGANIZATIONNAME = "Software Developer";
			};
			buildConfigurationList = 2DC74F621517EBF9003AC010 /* Build configuration list for PBXProject "HeavyRotation" */;
			compatibilityVersion = "Xcode 3.2";
			developmentRegion = English;
			hasScannedForEncodings = 0;
			knownRegions = (
				en,
			);
			mainGroup = 2DC74F5D1517EBF9003AC010;
			productRefGroup = 2DC74F691517EBFA003AC010 /* Products */;
			projectDirPath = "";
			projectRoot = "";
			targets = (
				2DC74F671517EBFA003AC010 /* HeavyRotation */,
			);
		};
/* End PBXProject section */

/* Begin PBXResourcesBuildPhase section */
		2DC74F661517EBFA003AC010 /* Resources */ = {
			isa = PBXResourcesBuildPhase;
			buildActionMask = 2147483647;
			files = (
				2DC74F771517EBFA003AC010 /* InfoPlist.strings in Resources */,
				2DC74F861517ED08003AC010 /* MainWindow.xib in Resources */,
				2DC74F8B1517F76F003AC010 /* SPHeavyViewController.xib in Resources */,
				2DC74F8D1517F85F003AC010 /* shady@shadyproject.net_62a6ff80.jpg in Resources */,
			);
			runOnlyForDeploymentPostprocessing = 0;
		};
/* End PBXResourcesBuildPhase section */

/* Begin PBXSourcesBuildPhase section */
		2DC74F641517EBFA003AC010 /* Sources */ = {
			isa = PBXSourcesBuildPhase;
			buildActionMask = 2147483647;
			files = (
				2DC74F791517EBFA003AC010 /* main.m in Sources */,
				2DC74F7D1517EBFA003AC010 /* SPAppDelegate.m in Sources */,
				2DC74F8A1517F76F003AC010 /* SPHeavyViewController.m in Sources */,
			);
			runOnlyForDeploymentPostprocessing = 0;
		};
/* End PBXSourcesBuildPhase section */

/* Begin PBXVariantGroup section */
		2DC74F751517EBFA003AC010 /* InfoPlist.strings */ = {
			isa = PBXVariantGroup;
			children = (
				2DC74F761517EBFA003AC010 /* en */,
			);
			name = InfoPlist.strings;
			sourceTree = "<group>";
		};
/* End PBXVariantGroup section */

/* Begin XCBuildConfiguration section */
		2DC74F7E1517EBFA003AC010 /* Debug */ = {
			isa = XCBuildConfiguration;
			buildSettings = {
				ALWAYS_SEARCH_USER_PATHS = NO;
				ARCHS = "$(ARCHS_STANDARD_32_BIT)";
				"CODE_SIGN_IDENTITY[sdk=iphoneos*]" = "iPhone Developer";
				COPY_PHASE_STRIP = NO;
				GCC_C_LANGUAGE_STANDARD = gnu99;
				GCC_DYNAMIC_NO_PIC = NO;
				GCC_OPTIMIZATION_LEVEL = 0;
				GCC_PREPROCESSOR_DEFINITIONS = (
					"DEBUG=1",
					"$(inherited)",
				);
				GCC_SYMBOLS_PRIVATE_EXTERN = NO;
				GCC_VERSION = com.apple.compilers.llvm.clang.1_0;
				GCC_WARN_ABOUT_MISSING_PROTOTYPES = YES;
				GCC_WARN_ABOUT_RETURN_TYPE = YES;
				GCC_WARN_UNUSED_VARIABLE = YES;
				IPHONEOS_DEPLOYMENT_TARGET = 5.0;
				SDKROOT = iphoneos;
			};
			name = Debug;
		};
		2DC74F7F1517EBFA003AC010 /* Release */ = {
			isa = XCBuildConfiguration;
			buildSettings = {
				ALWAYS_SEARCH_USER_PATHS = NO;
				ARCHS = "$(ARCHS_STANDARD_32_BIT)";
				"CODE_SIGN_IDENTITY[sdk=iphoneos*]" = "iPhone Developer";
				COPY_PHASE_STRIP = YES;
				GCC_C_LANGUAGE_STANDARD = gnu99;
				GCC_VERSION = com.apple.compilers.llvm.clang.1_0;
				GCC_WARN_ABOUT_MISSING_PROTOTYPES = YES;
				GCC_WARN_ABOUT_RETURN_TYPE = YES;
				GCC_WARN_UNUSED_VARIABLE = YES;
				IPHONEOS_DEPLOYMENT_TARGET = 5.0;
				OTHER_CFLAGS = "-DNS_BLOCK_ASSERTIONS=1";
				SDKROOT = iphoneos;
				VALIDATE_PRODUCT = YES;
			};
			name = Release;
		};
		2DC74F811517EBFA003AC010 /* Debug */ = {
			isa = XCBuildConfiguration;
			buildSettings = {
				GCC_PRECOMPILE_PREFIX_HEADER = YES;
				GCC_PREFIX_HEADER = "HeavyRotation/HeavyRotation-Prefix.pch";
				INFOPLIST_FILE = "HeavyRotation/HeavyRotation-Info.plist";
				IPHONEOS_DEPLOYMENT_TARGET = 5.0;
				PRODUCT_NAME = "$(TARGET_NAME)";
				TARGETED_DEVICE_FAMILY = "1,2";
				WRAPPER_EXTENSION = app;
			};
			name = Debug;
		};
		2DC74F821517EBFA003AC010 /* Release */ = {
			isa = XCBuildConfiguration;
			buildSettings = {
				GCC_PRECOMPILE_PREFIX_HEADER = YES;
				GCC_PREFIX_HEADER = "HeavyRotation/HeavyRotation-Prefix.pch";
				INFOPLIST_FILE = "HeavyRotation/HeavyRotation-Info.plist";
				IPHONEOS_DEPLOYMENT_TARGET = 5.0;
				PRODUCT_NAME = "$(TARGET_NAME)";
				TARGETED_DEVICE_FAMILY = "1,2";
				WRAPPER_EXTENSION = app;
			};
			name = Release;
		};
/* End XCBuildConfiguration section */

/* Begin XCConfigurationList section */
		2DC74F621517EBF9003AC010 /* Build configuration list for PBXProject "HeavyRotation" */ = {
			isa = XCConfigurationList;
			buildConfigurations = (
				2DC74F7E1517EBFA003AC010 /* Debug */,
				2DC74F7F1517EBFA003AC010 /* Release */,
			);
			defaultConfigurationIsVisible = 0;
			defaultConfigurationName = Release;
		};
		2DC74F801517EBFA003AC010 /* Build configuration list for PBXNativeTarget "HeavyRotation" */ = {
			isa = XCConfigurationList;
			buildConfigurations = (
				2DC74F811517EBFA003AC010 /* Debug */,
				2DC74F821517EBFA003AC010 /* Release */,
			);
			defaultConfigurationIsVisible = 0;
		};
/* End XCConfigurationList section */
	};
	rootObject = 2DC74F5F1517EBF9003AC010 /* Project object */;
}
