// !$*UTF8*$!
{
	archiveVersion = 1;
	classes = {
	};
	objectVersion = 46;
	objects = {

/* Begin PBXBuildFile section */
		2DD204A616B65E260043A94C /* UIKit.framework in Frameworks */ = {isa = PBXBuildFile; fileRef = 2DD204A516B65E260043A94C /* UIKit.framework */; };
		2DD204A816B65E260043A94C /* Foundation.framework in Frameworks */ = {isa = PBXBuildFile; fileRef = 2DD204A716B65E260043A94C /* Foundation.framework */; };
		2DD204AA16B65E260043A94C /* CoreGraphics.framework in Frameworks */ = {isa = PBXBuildFile; fileRef = 2DD204A916B65E260043A94C /* CoreGraphics.framework */; };
		2DD204B016B65E260043A94C /* InfoPlist.strings in Resources */ = {isa = PBXBuildFile; fileRef = 2DD204AE16B65E260043A94C /* InfoPlist.strings */; };
		2DD204B216B65E260043A94C /* main.m in Sources */ = {isa = PBXBuildFile; fileRef = 2DD204B116B65E260043A94C /* main.m */; };
		2DD204B616B65E260043A94C /* SPAppDelegate.m in Sources */ = {isa = PBXBuildFile; fileRef = 2DD204B516B65E260043A94C /* SPAppDelegate.m */; };
		2DD204B816B65E260043A94C /* Default.png in Resources */ = {isa = PBXBuildFile; fileRef = 2DD204B716B65E260043A94C /* Default.png */; };
		2DD204BA16B65E260043A94C /* Default@2x.png in Resources */ = {isa = PBXBuildFile; fileRef = 2DD204B916B65E260043A94C /* Default@2x.png */; };
		2DD204BC16B65E260043A94C /* Default-568h@2x.png in Resources */ = {isa = PBXBuildFile; fileRef = 2DD204BB16B65E260043A94C /* Default-568h@2x.png */; };
		2DD204CC16B674CA0043A94C /* SPHeavyViewController.m in Sources */ = {isa = PBXBuildFile; fileRef = 2DD204CA16B674CA0043A94C /* SPHeavyViewController.m */; };
		2DD204CD16B674CA0043A94C /* SPHeavyViewController.xib in Resources */ = {isa = PBXBuildFile; fileRef = 2DD204CB16B674CA0043A94C /* SPHeavyViewController.xib */; };
		2DE2C82916BB403E007034B1 /* ponyWithBackground.png in Resources */ = {isa = PBXBuildFile; fileRef = 2DE2C82816BB403E007034B1 /* ponyWithBackground.png */; };
/* End PBXBuildFile section */

/* Begin PBXFileReference section */
		2DD204A116B65E260043A94C /* HeavyRotation.app */ = {isa = PBXFileReference; explicitFileType = wrapper.application; includeInIndex = 0; path = HeavyRotation.app; sourceTree = BUILT_PRODUCTS_DIR; };
		2DD204A516B65E260043A94C /* UIKit.framework */ = {isa = PBXFileReference; lastKnownFileType = wrapper.framework; name = UIKit.framework; path = System/Library/Frameworks/UIKit.framework; sourceTree = SDKROOT; };
		2DD204A716B65E260043A94C /* Foundation.framework */ = {isa = PBXFileReference; lastKnownFileType = wrapper.framework; name = Foundation.framework; path = System/Library/Frameworks/Foundation.framework; sourceTree = SDKROOT; };
		2DD204A916B65E260043A94C /* CoreGraphics.framework */ = {isa = PBXFileReference; lastKnownFileType = wrapper.framework; name = CoreGraphics.framework; path = System/Library/Frameworks/CoreGraphics.framework; sourceTree = SDKROOT; };
		2DD204AD16B65E260043A94C /* HeavyRotation-Info.plist */ = {isa = PBXFileReference; lastKnownFileType = text.plist.xml; path = "HeavyRotation-Info.plist"; sourceTree = "<group>"; };
		2DD204AF16B65E260043A94C /* en */ = {isa = PBXFileReference; lastKnownFileType = text.plist.strings; name = en; path = en.lproj/InfoPlist.strings; sourceTree = "<group>"; };
		2DD204B116B65E260043A94C /* main.m */ = {isa = PBXFileReference; lastKnownFileType = sourcecode.c.objc; path = main.m; sourceTree = "<group>"; };
		2DD204B316B65E260043A94C /* HeavyRotation-Prefix.pch */ = {isa = PBXFileReference; lastKnownFileType = sourcecode.c.h; path = "HeavyRotation-Prefix.pch"; sourceTree = "<group>"; };
		2DD204B416B65E260043A94C /* SPAppDelegate.h */ = {isa = PBXFileReference; lastKnownFileType = sourcecode.c.h; name = SPAppDelegate.h; path = HeavyRotation/SPAppDelegate.h; sourceTree = "<group>"; };
		2DD204B516B65E260043A94C /* SPAppDelegate.m */ = {isa = PBXFileReference; lastKnownFileType = sourcecode.c.objc; name = SPAppDelegate.m; path = HeavyRotation/SPAppDelegate.m; sourceTree = "<group>"; };
		2DD204B716B65E260043A94C /* Default.png */ = {isa = PBXFileReference; lastKnownFileType = image.png; path = Default.png; sourceTree = "<group>"; };
		2DD204B916B65E260043A94C /* Default@2x.png */ = {isa = PBXFileReference; lastKnownFileType = image.png; path = "Default@2x.png"; sourceTree = "<group>"; };
		2DD204BB16B65E260043A94C /* Default-568h@2x.png */ = {isa = PBXFileReference; lastKnownFileType = image.png; path = "Default-568h@2x.png"; sourceTree = "<group>"; };
		2DD204C916B674CA0043A94C /* SPHeavyViewController.h */ = {isa = PBXFileReference; fileEncoding = 4; lastKnownFileType = sourcecode.c.h; name = SPHeavyViewController.h; path = HeavyRotation/SPHeavyViewController.h; sourceTree = "<group>"; };
		2DD204CA16B674CA0043A94C /* SPHeavyViewController.m */ = {isa = PBXFileReference; fileEncoding = 4; lastKnownFileType = sourcecode.c.objc; name = SPHeavyViewController.m; path = HeavyRotation/SPHeavyViewController.m; sourceTree = "<group>"; };
		2DD204CB16B674CA0043A94C /* SPHeavyViewController.xib */ = {isa = PBXFileReference; fileEncoding = 4; lastKnownFileType = file.xib; name = SPHeavyViewController.xib; path = HeavyRotation/SPHeavyViewController.xib; sourceTree = "<group>"; };
		2DE2C82816BB403E007034B1 /* ponyWithBackground.png */ = {isa = PBXFileReference; lastKnownFileType = image.png; path = ponyWithBackground.png; sourceTree = "<group>"; };
/* End PBXFileReference section */

/* Begin PBXFrameworksBuildPhase section */
		2DD2049E16B65E260043A94C /* Frameworks */ = {
			isa = PBXFrameworksBuildPhase;
			buildActionMask = 2147483647;
			files = (
				2DD204A616B65E260043A94C /* UIKit.framework in Frameworks */,
				2DD204A816B65E260043A94C /* Foundation.framework in Frameworks */,
				2DD204AA16B65E260043A94C /* CoreGraphics.framework in Frameworks */,
			);
			runOnlyForDeploymentPostprocessing = 0;
		};
/* End PBXFrameworksBuildPhase section */

/* Begin PBXGroup section */
		2DD2049616B65E260043A94C = {
			isa = PBXGroup;
			children = (
				2DD204AB16B65E260043A94C /* HeavyRotation */,
				2DD204A416B65E260043A94C /* Frameworks */,
				2DD204A216B65E260043A94C /* Products */,
			);
			sourceTree = "<group>";
		};
		2DD204A216B65E260043A94C /* Products */ = {
			isa = PBXGroup;
			children = (
				2DD204A116B65E260043A94C /* HeavyRotation.app */,
			);
			name = Products;
			sourceTree = "<group>";
		};
		2DD204A416B65E260043A94C /* Frameworks */ = {
			isa = PBXGroup;
			children = (
				2DD204A516B65E260043A94C /* UIKit.framework */,
				2DD204A716B65E260043A94C /* Foundation.framework */,
				2DD204A916B65E260043A94C /* CoreGraphics.framework */,
			);
			name = Frameworks;
			sourceTree = "<group>";
		};
		2DD204AB16B65E260043A94C /* HeavyRotation */ = {
			isa = PBXGroup;
			children = (
				2DD204B116B65E260043A94C /* main.m */,
				2DD204C216B65E2E0043A94C /* Headers */,
				2DD204C316B65E350043A94C /* Implementations */,
				2DD204C416B65E3C0043A94C /* Xibs */,
				2DD204AC16B65E260043A94C /* Supporting Files */,
			);
			path = HeavyRotation;
			sourceTree = "<group>";
		};
		2DD204AC16B65E260043A94C /* Supporting Files */ = {
			isa = PBXGroup;
			children = (
				2DE2C82816BB403E007034B1 /* ponyWithBackground.png */,
				2DD204AD16B65E260043A94C /* HeavyRotation-Info.plist */,
				2DD204AE16B65E260043A94C /* InfoPlist.strings */,
				2DD204B316B65E260043A94C /* HeavyRotation-Prefix.pch */,
				2DD204B716B65E260043A94C /* Default.png */,
				2DD204B916B65E260043A94C /* Default@2x.png */,
				2DD204BB16B65E260043A94C /* Default-568h@2x.png */,
			);
			name = "Supporting Files";
			sourceTree = "<group>";
		};
		2DD204C216B65E2E0043A94C /* Headers */ = {
			isa = PBXGroup;
			children = (
				2DD204C916B674CA0043A94C /* SPHeavyViewController.h */,
				2DD204B416B65E260043A94C /* SPAppDelegate.h */,
			);
			name = Headers;
			path = ..;
			sourceTree = "<group>";
		};
		2DD204C316B65E350043A94C /* Implementations */ = {
			isa = PBXGroup;
			children = (
				2DD204CA16B674CA0043A94C /* SPHeavyViewController.m */,
				2DD204B516B65E260043A94C /* SPAppDelegate.m */,
			);
			name = Implementations;
			path = ..;
			sourceTree = "<group>";
		};
		2DD204C416B65E3C0043A94C /* Xibs */ = {
			isa = PBXGroup;
			children = (
				2DD204CB16B674CA0043A94C /* SPHeavyViewController.xib */,
			);
			name = Xibs;
			path = ..;
			sourceTree = "<group>";
		};
/* End PBXGroup section */

/* Begin PBXNativeTarget section */
		2DD204A016B65E260043A94C /* HeavyRotation */ = {
			isa = PBXNativeTarget;
			buildConfigurationList = 2DD204BF16B65E260043A94C /* Build configuration list for PBXNativeTarget "HeavyRotation" */;
			buildPhases = (
				2DD2049D16B65E260043A94C /* Sources */,
				2DD2049E16B65E260043A94C /* Frameworks */,
				2DD2049F16B65E260043A94C /* Resources */,
			);
			buildRules = (
			);
			dependencies = (
			);
			name = HeavyRotation;
			productName = HeavyRotation;
			productReference = 2DD204A116B65E260043A94C /* HeavyRotation.app */;
			productType = "com.apple.product-type.application";
		};
/* End PBXNativeTarget section */

/* Begin PBXProject section */
		2DD2049816B65E260043A94C /* Project object */ = {
			isa = PBXProject;
			attributes = {
				CLASSPREFIX = SP;
				LastUpgradeCheck = 0450;
				ORGANIZATIONNAME = Shadyproject;
			};
			buildConfigurationList = 2DD2049B16B65E260043A94C /* Build configuration list for PBXProject "HeavyRotation" */;
			compatibilityVersion = "Xcode 3.2";
			developmentRegion = English;
			hasScannedForEncodings = 0;
			knownRegions = (
				en,
			);
			mainGroup = 2DD2049616B65E260043A94C;
			productRefGroup = 2DD204A216B65E260043A94C /* Products */;
			projectDirPath = "";
			projectRoot = "";
			targets = (
				2DD204A016B65E260043A94C /* HeavyRotation */,
			);
		};
/* End PBXProject section */

/* Begin PBXResourcesBuildPhase section */
		2DD2049F16B65E260043A94C /* Resources */ = {
			isa = PBXResourcesBuildPhase;
			buildActionMask = 2147483647;
			files = (
				2DD204B016B65E260043A94C /* InfoPlist.strings in Resources */,
				2DD204B816B65E260043A94C /* Default.png in Resources */,
				2DD204BA16B65E260043A94C /* Default@2x.png in Resources */,
				2DD204BC16B65E260043A94C /* Default-568h@2x.png in Resources */,
				2DD204CD16B674CA0043A94C /* SPHeavyViewController.xib in Resources */,
				2DE2C82916BB403E007034B1 /* ponyWithBackground.png in Resources */,
			);
			runOnlyForDeploymentPostprocessing = 0;
		};
/* End PBXResourcesBuildPhase section */

/* Begin PBXSourcesBuildPhase section */
		2DD2049D16B65E260043A94C /* Sources */ = {
			isa = PBXSourcesBuildPhase;
			buildActionMask = 2147483647;
			files = (
				2DD204B216B65E260043A94C /* main.m in Sources */,
				2DD204B616B65E260043A94C /* SPAppDelegate.m in Sources */,
				2DD204CC16B674CA0043A94C /* SPHeavyViewController.m in Sources */,
			);
			runOnlyForDeploymentPostprocessing = 0;
		};
/* End PBXSourcesBuildPhase section */

/* Begin PBXVariantGroup section */
		2DD204AE16B65E260043A94C /* InfoPlist.strings */ = {
			isa = PBXVariantGroup;
			children = (
				2DD204AF16B65E260043A94C /* en */,
			);
			name = InfoPlist.strings;
			sourceTree = "<group>";
		};
/* End PBXVariantGroup section */

/* Begin XCBuildConfiguration section */
		2DD204BD16B65E260043A94C /* Debug */ = {
			isa = XCBuildConfiguration;
			buildSettings = {
				ALWAYS_SEARCH_USER_PATHS = NO;
				CLANG_CXX_LANGUAGE_STANDARD = "gnu++0x";
				CLANG_CXX_LIBRARY = "libc++";
				CLANG_ENABLE_OBJC_ARC = YES;
				CLANG_WARN_EMPTY_BODY = YES;
				CLANG_WARN__DUPLICATE_METHOD_MATCH = YES;
				"CODE_SIGN_IDENTITY[sdk=iphoneos*]" = "iPhone Developer";
				COPY_PHASE_STRIP = NO;
				GCC_C_LANGUAGE_STANDARD = gnu99;
				GCC_DYNAMIC_NO_PIC = NO;
				GCC_OPTIMIZATION_LEVEL = 0;
				GCC_PREPROCESSOR_DEFINITIONS = (
					"DEBUG=1",
					"$(inherited)",
				);
				GCC_SYMBOLS_PRIVATE_EXTERN = NO;
				GCC_WARN_ABOUT_RETURN_TYPE = YES;
				GCC_WARN_UNINITIALIZED_AUTOS = YES;
				GCC_WARN_UNUSED_VARIABLE = YES;
				IPHONEOS_DEPLOYMENT_TARGET = 6.0;
				ONLY_ACTIVE_ARCH = YES;
				SDKROOT = iphoneos;
			};
			name = Debug;
		};
		2DD204BE16B65E260043A94C /* Release */ = {
			isa = XCBuildConfiguration;
			buildSettings = {
				ALWAYS_SEARCH_USER_PATHS = NO;
				CLANG_CXX_LANGUAGE_STANDARD = "gnu++0x";
				CLANG_CXX_LIBRARY = "libc++";
				CLANG_ENABLE_OBJC_ARC = YES;
				CLANG_WARN_EMPTY_BODY = YES;
				CLANG_WARN__DUPLICATE_METHOD_MATCH = YES;
				"CODE_SIGN_IDENTITY[sdk=iphoneos*]" = "iPhone Developer";
				COPY_PHASE_STRIP = YES;
				GCC_C_LANGUAGE_STANDARD = gnu99;
				GCC_WARN_ABOUT_RETURN_TYPE = YES;
				GCC_WARN_UNINITIALIZED_AUTOS = YES;
				GCC_WARN_UNUSED_VARIABLE = YES;
				IPHONEOS_DEPLOYMENT_TARGET = 6.0;
				OTHER_CFLAGS = "-DNS_BLOCK_ASSERTIONS=1";
				SDKROOT = iphoneos;
				VALIDATE_PRODUCT = YES;
			};
			name = Release;
		};
		2DD204C016B65E260043A94C /* Debug */ = {
			isa = XCBuildConfiguration;
			buildSettings = {
				GCC_PRECOMPILE_PREFIX_HEADER = YES;
				GCC_PREFIX_HEADER = "HeavyRotation/HeavyRotation-Prefix.pch";
				INFOPLIST_FILE = "HeavyRotation/HeavyRotation-Info.plist";
				IPHONEOS_DEPLOYMENT_TARGET = 6.0;
				PRODUCT_NAME = "$(TARGET_NAME)";
				TARGETED_DEVICE_FAMILY = 1;
				WRAPPER_EXTENSION = app;
			};
			name = Debug;
		};
		2DD204C116B65E260043A94C /* Release */ = {
			isa = XCBuildConfiguration;
			buildSettings = {
				GCC_PRECOMPILE_PREFIX_HEADER = YES;
				GCC_PREFIX_HEADER = "HeavyRotation/HeavyRotation-Prefix.pch";
				INFOPLIST_FILE = "HeavyRotation/HeavyRotation-Info.plist";
				IPHONEOS_DEPLOYMENT_TARGET = 6.0;
				PRODUCT_NAME = "$(TARGET_NAME)";
				TARGETED_DEVICE_FAMILY = 1;
				WRAPPER_EXTENSION = app;
			};
			name = Release;
		};
/* End XCBuildConfiguration section */

/* Begin XCConfigurationList section */
		2DD2049B16B65E260043A94C /* Build configuration list for PBXProject "HeavyRotation" */ = {
			isa = XCConfigurationList;
			buildConfigurations = (
				2DD204BD16B65E260043A94C /* Debug */,
				2DD204BE16B65E260043A94C /* Release */,
			);
			defaultConfigurationIsVisible = 0;
			defaultConfigurationName = Release;
		};
		2DD204BF16B65E260043A94C /* Build configuration list for PBXNativeTarget "HeavyRotation" */ = {
			isa = XCConfigurationList;
			buildConfigurations = (
				2DD204C016B65E260043A94C /* Debug */,
				2DD204C116B65E260043A94C /* Release */,
			);
			defaultConfigurationIsVisible = 0;
			defaultConfigurationName = Release;
		};
/* End XCConfigurationList section */
	};
	rootObject = 2DD2049816B65E260043A94C /* Project object */;
}
