// !$*UTF8*$!
{
	archiveVersion = 1;
	classes = {
	};
	objectVersion = 46;
	objects = {

/* Begin PBXBuildFile section */
		2D361E5016E5ADB000723C42 /* SPDetailViewController.m in Sources */ = {isa = PBXBuildFile; fileRef = 2D361E4E16E5ADB000723C42 /* SPDetailViewController.m */; };
		2D361E5116E5ADB000723C42 /* SPDetailViewController.xib in Resources */ = {isa = PBXBuildFile; fileRef = 2D361E4F16E5ADB000723C42 /* SPDetailViewController.xib */; };
		2D7D6EB916BBBB4400F8B98C /* UIKit.framework in Frameworks */ = {isa = PBXBuildFile; fileRef = 2D7D6EB816BBBB4400F8B98C /* UIKit.framework */; };
		2D7D6EBB16BBBB4400F8B98C /* Foundation.framework in Frameworks */ = {isa = PBXBuildFile; fileRef = 2D7D6EBA16BBBB4400F8B98C /* Foundation.framework */; };
		2D7D6EBD16BBBB4400F8B98C /* CoreGraphics.framework in Frameworks */ = {isa = PBXBuildFile; fileRef = 2D7D6EBC16BBBB4400F8B98C /* CoreGraphics.framework */; };
		2D7D6EC316BBBB4400F8B98C /* InfoPlist.strings in Resources */ = {isa = PBXBuildFile; fileRef = 2D7D6EC116BBBB4400F8B98C /* InfoPlist.strings */; };
		2D7D6EC516BBBB4400F8B98C /* main.m in Sources */ = {isa = PBXBuildFile; fileRef = 2D7D6EC416BBBB4400F8B98C /* main.m */; };
		2D7D6EC916BBBB4400F8B98C /* SPAppDelegate.m in Sources */ = {isa = PBXBuildFile; fileRef = 2D7D6EC816BBBB4400F8B98C /* SPAppDelegate.m */; };
		2D7D6ECB16BBBB4400F8B98C /* Default.png in Resources */ = {isa = PBXBuildFile; fileRef = 2D7D6ECA16BBBB4400F8B98C /* Default.png */; };
		2D7D6ECD16BBBB4400F8B98C /* Default@2x.png in Resources */ = {isa = PBXBuildFile; fileRef = 2D7D6ECC16BBBB4400F8B98C /* Default@2x.png */; };
		2D7D6ECF16BBBB4400F8B98C /* Default-568h@2x.png in Resources */ = {isa = PBXBuildFile; fileRef = 2D7D6ECE16BBBB4400F8B98C /* Default-568h@2x.png */; };
		2D7D6EDA16BE6B7D00F8B98C /* SPItemsViewController.m in Sources */ = {isa = PBXBuildFile; fileRef = 2D7D6ED916BE6B7D00F8B98C /* SPItemsViewController.m */; };
		2D7D6EDD16C3575700F8B98C /* SPItem.m in Sources */ = {isa = PBXBuildFile; fileRef = 2D7D6EDC16C3575700F8B98C /* SPItem.m */; };
		2D7D6EE016C3606C00F8B98C /* SPItemStore.m in Sources */ = {isa = PBXBuildFile; fileRef = 2D7D6EDF16C3606C00F8B98C /* SPItemStore.m */; };
		2DA488DA1713C59F0048E773 /* SPChangeDateViewController.m in Sources */ = {isa = PBXBuildFile; fileRef = 2DA488D81713C59F0048E773 /* SPChangeDateViewController.m */; };
		2DA488DB1713C59F0048E773 /* SPChangeDateViewController.xib in Resources */ = {isa = PBXBuildFile; fileRef = 2DA488D91713C59F0048E773 /* SPChangeDateViewController.xib */; };
/* End PBXBuildFile section */

/* Begin PBXFileReference section */
		2D361E4D16E5ADB000723C42 /* SPDetailViewController.h */ = {isa = PBXFileReference; fileEncoding = 4; lastKnownFileType = sourcecode.c.h; path = SPDetailViewController.h; sourceTree = "<group>"; };
		2D361E4E16E5ADB000723C42 /* SPDetailViewController.m */ = {isa = PBXFileReference; fileEncoding = 4; lastKnownFileType = sourcecode.c.objc; path = SPDetailViewController.m; sourceTree = "<group>"; };
		2D361E4F16E5ADB000723C42 /* SPDetailViewController.xib */ = {isa = PBXFileReference; fileEncoding = 4; lastKnownFileType = file.xib; path = SPDetailViewController.xib; sourceTree = "<group>"; };
		2D7D6EB516BBBB4400F8B98C /* Homepwner.app */ = {isa = PBXFileReference; explicitFileType = wrapper.application; includeInIndex = 0; path = Homepwner.app; sourceTree = BUILT_PRODUCTS_DIR; };
		2D7D6EB816BBBB4400F8B98C /* UIKit.framework */ = {isa = PBXFileReference; lastKnownFileType = wrapper.framework; name = UIKit.framework; path = System/Library/Frameworks/UIKit.framework; sourceTree = SDKROOT; };
		2D7D6EBA16BBBB4400F8B98C /* Foundation.framework */ = {isa = PBXFileReference; lastKnownFileType = wrapper.framework; name = Foundation.framework; path = System/Library/Frameworks/Foundation.framework; sourceTree = SDKROOT; };
		2D7D6EBC16BBBB4400F8B98C /* CoreGraphics.framework */ = {isa = PBXFileReference; lastKnownFileType = wrapper.framework; name = CoreGraphics.framework; path = System/Library/Frameworks/CoreGraphics.framework; sourceTree = SDKROOT; };
		2D7D6EC016BBBB4400F8B98C /* Homepwner-Info.plist */ = {isa = PBXFileReference; lastKnownFileType = text.plist.xml; path = "Homepwner-Info.plist"; sourceTree = "<group>"; };
		2D7D6EC216BBBB4400F8B98C /* en */ = {isa = PBXFileReference; lastKnownFileType = text.plist.strings; name = en; path = en.lproj/InfoPlist.strings; sourceTree = "<group>"; };
		2D7D6EC416BBBB4400F8B98C /* main.m */ = {isa = PBXFileReference; lastKnownFileType = sourcecode.c.objc; path = main.m; sourceTree = "<group>"; };
		2D7D6EC616BBBB4400F8B98C /* Homepwner-Prefix.pch */ = {isa = PBXFileReference; lastKnownFileType = sourcecode.c.h; path = "Homepwner-Prefix.pch"; sourceTree = "<group>"; };
		2D7D6EC716BBBB4400F8B98C /* SPAppDelegate.h */ = {isa = PBXFileReference; lastKnownFileType = sourcecode.c.h; path = SPAppDelegate.h; sourceTree = "<group>"; };
		2D7D6EC816BBBB4400F8B98C /* SPAppDelegate.m */ = {isa = PBXFileReference; lastKnownFileType = sourcecode.c.objc; path = SPAppDelegate.m; sourceTree = "<group>"; };
		2D7D6ECA16BBBB4400F8B98C /* Default.png */ = {isa = PBXFileReference; lastKnownFileType = image.png; path = Default.png; sourceTree = "<group>"; };
		2D7D6ECC16BBBB4400F8B98C /* Default@2x.png */ = {isa = PBXFileReference; lastKnownFileType = image.png; path = "Default@2x.png"; sourceTree = "<group>"; };
		2D7D6ECE16BBBB4400F8B98C /* Default-568h@2x.png */ = {isa = PBXFileReference; lastKnownFileType = image.png; path = "Default-568h@2x.png"; sourceTree = "<group>"; };
		2D7D6ED816BE6B7D00F8B98C /* SPItemsViewController.h */ = {isa = PBXFileReference; fileEncoding = 4; lastKnownFileType = sourcecode.c.h; path = SPItemsViewController.h; sourceTree = "<group>"; };
		2D7D6ED916BE6B7D00F8B98C /* SPItemsViewController.m */ = {isa = PBXFileReference; fileEncoding = 4; lastKnownFileType = sourcecode.c.objc; path = SPItemsViewController.m; sourceTree = "<group>"; };
		2D7D6EDB16C3575700F8B98C /* SPItem.h */ = {isa = PBXFileReference; fileEncoding = 4; lastKnownFileType = sourcecode.c.h; path = SPItem.h; sourceTree = "<group>"; };
		2D7D6EDC16C3575700F8B98C /* SPItem.m */ = {isa = PBXFileReference; fileEncoding = 4; lastKnownFileType = sourcecode.c.objc; path = SPItem.m; sourceTree = "<group>"; };
		2D7D6EDE16C3606C00F8B98C /* SPItemStore.h */ = {isa = PBXFileReference; fileEncoding = 4; lastKnownFileType = sourcecode.c.h; path = SPItemStore.h; sourceTree = "<group>"; };
		2D7D6EDF16C3606C00F8B98C /* SPItemStore.m */ = {isa = PBXFileReference; fileEncoding = 4; lastKnownFileType = sourcecode.c.objc; path = SPItemStore.m; sourceTree = "<group>"; };
		2DA488D71713C59E0048E773 /* SPChangeDateViewController.h */ = {isa = PBXFileReference; fileEncoding = 4; lastKnownFileType = sourcecode.c.h; path = SPChangeDateViewController.h; sourceTree = "<group>"; };
		2DA488D81713C59F0048E773 /* SPChangeDateViewController.m */ = {isa = PBXFileReference; fileEncoding = 4; lastKnownFileType = sourcecode.c.objc; path = SPChangeDateViewController.m; sourceTree = "<group>"; };
		2DA488D91713C59F0048E773 /* SPChangeDateViewController.xib */ = {isa = PBXFileReference; fileEncoding = 4; lastKnownFileType = file.xib; path = SPChangeDateViewController.xib; sourceTree = "<group>"; };
/* End PBXFileReference section */

/* Begin PBXFrameworksBuildPhase section */
		2D7D6EB216BBBB4400F8B98C /* Frameworks */ = {
			isa = PBXFrameworksBuildPhase;
			buildActionMask = 2147483647;
			files = (
				2D7D6EB916BBBB4400F8B98C /* UIKit.framework in Frameworks */,
				2D7D6EBB16BBBB4400F8B98C /* Foundation.framework in Frameworks */,
				2D7D6EBD16BBBB4400F8B98C /* CoreGraphics.framework in Frameworks */,
			);
			runOnlyForDeploymentPostprocessing = 0;
		};
/* End PBXFrameworksBuildPhase section */

/* Begin PBXGroup section */
		2D7D6EAC16BBBB4400F8B98C = {
			isa = PBXGroup;
			children = (
				2D7D6EBE16BBBB4400F8B98C /* Homepwner */,
				2D7D6EB716BBBB4400F8B98C /* Frameworks */,
				2D7D6EB616BBBB4400F8B98C /* Products */,
			);
			sourceTree = "<group>";
		};
		2D7D6EB616BBBB4400F8B98C /* Products */ = {
			isa = PBXGroup;
			children = (
				2D7D6EB516BBBB4400F8B98C /* Homepwner.app */,
			);
			name = Products;
			sourceTree = "<group>";
		};
		2D7D6EB716BBBB4400F8B98C /* Frameworks */ = {
			isa = PBXGroup;
			children = (
				2D7D6EB816BBBB4400F8B98C /* UIKit.framework */,
				2D7D6EBA16BBBB4400F8B98C /* Foundation.framework */,
				2D7D6EBC16BBBB4400F8B98C /* CoreGraphics.framework */,
			);
			name = Frameworks;
			sourceTree = "<group>";
		};
		2D7D6EBE16BBBB4400F8B98C /* Homepwner */ = {
			isa = PBXGroup;
			children = (
				2D7D6ED516BBBB5700F8B98C /* Headers */,
				2D7D6ED616BBBB6100F8B98C /* Implementations */,
				2D7D6ED716BBBB7000F8B98C /* Xibs */,
				2D7D6EBF16BBBB4400F8B98C /* Supporting Files */,
			);
			path = Homepwner;
			sourceTree = "<group>";
		};
		2D7D6EBF16BBBB4400F8B98C /* Supporting Files */ = {
			isa = PBXGroup;
			children = (
				2D7D6EC016BBBB4400F8B98C /* Homepwner-Info.plist */,
				2D7D6EC116BBBB4400F8B98C /* InfoPlist.strings */,
				2D7D6EC416BBBB4400F8B98C /* main.m */,
				2D7D6EC616BBBB4400F8B98C /* Homepwner-Prefix.pch */,
				2D7D6ECA16BBBB4400F8B98C /* Default.png */,
				2D7D6ECC16BBBB4400F8B98C /* Default@2x.png */,
				2D7D6ECE16BBBB4400F8B98C /* Default-568h@2x.png */,
			);
			name = "Supporting Files";
			sourceTree = "<group>";
		};
		2D7D6ED516BBBB5700F8B98C /* Headers */ = {
			isa = PBXGroup;
			children = (
				2D361E4D16E5ADB000723C42 /* SPDetailViewController.h */,
				2D7D6EDB16C3575700F8B98C /* SPItem.h */,
				2D7D6EDE16C3606C00F8B98C /* SPItemStore.h */,
				2D7D6EC716BBBB4400F8B98C /* SPAppDelegate.h */,
				2D7D6ED816BE6B7D00F8B98C /* SPItemsViewController.h */,
				2DA488D71713C59E0048E773 /* SPChangeDateViewController.h */,
			);
			name = Headers;
			sourceTree = "<group>";
		};
		2D7D6ED616BBBB6100F8B98C /* Implementations */ = {
			isa = PBXGroup;
			children = (
				2DA488D81713C59F0048E773 /* SPChangeDateViewController.m */,
				2D7D6EDF16C3606C00F8B98C /* SPItemStore.m */,
				2D7D6EDC16C3575700F8B98C /* SPItem.m */,
				2D7D6ED916BE6B7D00F8B98C /* SPItemsViewController.m */,
				2D7D6EC816BBBB4400F8B98C /* SPAppDelegate.m */,
				2D361E4E16E5ADB000723C42 /* SPDetailViewController.m */,
			);
			name = Implementations;
			sourceTree = "<group>";
		};
		2D7D6ED716BBBB7000F8B98C /* Xibs */ = {
			isa = PBXGroup;
			children = (
				2DA488D91713C59F0048E773 /* SPChangeDateViewController.xib */,
				2D361E4F16E5ADB000723C42 /* SPDetailViewController.xib */,
			);
			name = Xibs;
			sourceTree = "<group>";
		};
/* End PBXGroup section */

/* Begin PBXNativeTarget section */
		2D7D6EB416BBBB4400F8B98C /* Homepwner */ = {
			isa = PBXNativeTarget;
			buildConfigurationList = 2D7D6ED216BBBB4400F8B98C /* Build configuration list for PBXNativeTarget "Homepwner" */;
			buildPhases = (
				2D7D6EB116BBBB4400F8B98C /* Sources */,
				2D7D6EB216BBBB4400F8B98C /* Frameworks */,
				2D7D6EB316BBBB4400F8B98C /* Resources */,
			);
			buildRules = (
			);
			dependencies = (
			);
			name = Homepwner;
			productName = Homepwner;
			productReference = 2D7D6EB516BBBB4400F8B98C /* Homepwner.app */;
			productType = "com.apple.product-type.application";
		};
/* End PBXNativeTarget section */

/* Begin PBXProject section */
		2D7D6EAD16BBBB4400F8B98C /* Project object */ = {
			isa = PBXProject;
			attributes = {
				CLASSPREFIX = SP;
				LastUpgradeCheck = 0460;
				ORGANIZATIONNAME = Shadyproject;
			};
			buildConfigurationList = 2D7D6EB016BBBB4400F8B98C /* Build configuration list for PBXProject "Homepwner" */;
			compatibilityVersion = "Xcode 3.2";
			developmentRegion = English;
			hasScannedForEncodings = 0;
			knownRegions = (
				en,
			);
			mainGroup = 2D7D6EAC16BBBB4400F8B98C;
			productRefGroup = 2D7D6EB616BBBB4400F8B98C /* Products */;
			projectDirPath = "";
			projectRoot = "";
			targets = (
				2D7D6EB416BBBB4400F8B98C /* Homepwner */,
			);
		};
/* End PBXProject section */

/* Begin PBXResourcesBuildPhase section */
		2D7D6EB316BBBB4400F8B98C /* Resources */ = {
			isa = PBXResourcesBuildPhase;
			buildActionMask = 2147483647;
			files = (
				2D7D6EC316BBBB4400F8B98C /* InfoPlist.strings in Resources */,
				2D7D6ECB16BBBB4400F8B98C /* Default.png in Resources */,
				2D7D6ECD16BBBB4400F8B98C /* Default@2x.png in Resources */,
				2D7D6ECF16BBBB4400F8B98C /* Default-568h@2x.png in Resources */,
				2D361E5116E5ADB000723C42 /* SPDetailViewController.xib in Resources */,
				2DA488DB1713C59F0048E773 /* SPChangeDateViewController.xib in Resources */,
			);
			runOnlyForDeploymentPostprocessing = 0;
		};
/* End PBXResourcesBuildPhase section */

/* Begin PBXSourcesBuildPhase section */
		2D7D6EB116BBBB4400F8B98C /* Sources */ = {
			isa = PBXSourcesBuildPhase;
			buildActionMask = 2147483647;
			files = (
				2D7D6EC516BBBB4400F8B98C /* main.m in Sources */,
				2D7D6EC916BBBB4400F8B98C /* SPAppDelegate.m in Sources */,
				2D7D6EDA16BE6B7D00F8B98C /* SPItemsViewController.m in Sources */,
				2D7D6EDD16C3575700F8B98C /* SPItem.m in Sources */,
				2D7D6EE016C3606C00F8B98C /* SPItemStore.m in Sources */,
				2D361E5016E5ADB000723C42 /* SPDetailViewController.m in Sources */,
				2DA488DA1713C59F0048E773 /* SPChangeDateViewController.m in Sources */,
			);
			runOnlyForDeploymentPostprocessing = 0;
		};
/* End PBXSourcesBuildPhase section */

/* Begin PBXVariantGroup section */
		2D7D6EC116BBBB4400F8B98C /* InfoPlist.strings */ = {
			isa = PBXVariantGroup;
			children = (
				2D7D6EC216BBBB4400F8B98C /* en */,
			);
			name = InfoPlist.strings;
			sourceTree = "<group>";
		};
/* End PBXVariantGroup section */

/* Begin XCBuildConfiguration section */
		2D7D6ED016BBBB4400F8B98C /* Debug */ = {
			isa = XCBuildConfiguration;
			buildSettings = {
				ALWAYS_SEARCH_USER_PATHS = NO;
				CLANG_CXX_LANGUAGE_STANDARD = "gnu++0x";
				CLANG_CXX_LIBRARY = "libc++";
				CLANG_ENABLE_OBJC_ARC = YES;
				CLANG_WARN_CONSTANT_CONVERSION = YES;
				CLANG_WARN_EMPTY_BODY = YES;
				CLANG_WARN_ENUM_CONVERSION = YES;
				CLANG_WARN_INT_CONVERSION = YES;
				CLANG_WARN__DUPLICATE_METHOD_MATCH = YES;
				"CODE_SIGN_IDENTITY[sdk=iphoneos*]" = "iPhone Developer";
				COPY_PHASE_STRIP = NO;
				GCC_C_LANGUAGE_STANDARD = gnu99;
				GCC_DYNAMIC_NO_PIC = NO;
				GCC_OPTIMIZATION_LEVEL = 0;
				GCC_PREPROCESSOR_DEFINITIONS = (
					"DEBUG=1",
					"$(inherited)",
				);
				GCC_SYMBOLS_PRIVATE_EXTERN = NO;
				GCC_WARN_ABOUT_RETURN_TYPE = YES;
				GCC_WARN_UNINITIALIZED_AUTOS = YES;
				GCC_WARN_UNUSED_VARIABLE = YES;
				IPHONEOS_DEPLOYMENT_TARGET = 6.1;
				ONLY_ACTIVE_ARCH = YES;
				SDKROOT = iphoneos;
			};
			name = Debug;
		};
		2D7D6ED116BBBB4400F8B98C /* Release */ = {
			isa = XCBuildConfiguration;
			buildSettings = {
				ALWAYS_SEARCH_USER_PATHS = NO;
				CLANG_CXX_LANGUAGE_STANDARD = "gnu++0x";
				CLANG_CXX_LIBRARY = "libc++";
				CLANG_ENABLE_OBJC_ARC = YES;
				CLANG_WARN_CONSTANT_CONVERSION = YES;
				CLANG_WARN_EMPTY_BODY = YES;
				CLANG_WARN_ENUM_CONVERSION = YES;
				CLANG_WARN_INT_CONVERSION = YES;
				CLANG_WARN__DUPLICATE_METHOD_MATCH = YES;
				"CODE_SIGN_IDENTITY[sdk=iphoneos*]" = "iPhone Developer";
				COPY_PHASE_STRIP = YES;
				GCC_C_LANGUAGE_STANDARD = gnu99;
				GCC_WARN_ABOUT_RETURN_TYPE = YES;
				GCC_WARN_UNINITIALIZED_AUTOS = YES;
				GCC_WARN_UNUSED_VARIABLE = YES;
				IPHONEOS_DEPLOYMENT_TARGET = 6.1;
				OTHER_CFLAGS = "-DNS_BLOCK_ASSERTIONS=1";
				SDKROOT = iphoneos;
				VALIDATE_PRODUCT = YES;
			};
			name = Release;
		};
		2D7D6ED316BBBB4400F8B98C /* Debug */ = {
			isa = XCBuildConfiguration;
			buildSettings = {
				GCC_PRECOMPILE_PREFIX_HEADER = YES;
				GCC_PREFIX_HEADER = "Homepwner/Homepwner-Prefix.pch";
				INFOPLIST_FILE = "Homepwner/Homepwner-Info.plist";
				IPHONEOS_DEPLOYMENT_TARGET = 6.0;
				PRODUCT_NAME = "$(TARGET_NAME)";
				WRAPPER_EXTENSION = app;
			};
			name = Debug;
		};
		2D7D6ED416BBBB4400F8B98C /* Release */ = {
			isa = XCBuildConfiguration;
			buildSettings = {
				GCC_PRECOMPILE_PREFIX_HEADER = YES;
				GCC_PREFIX_HEADER = "Homepwner/Homepwner-Prefix.pch";
				INFOPLIST_FILE = "Homepwner/Homepwner-Info.plist";
				IPHONEOS_DEPLOYMENT_TARGET = 6.0;
				PRODUCT_NAME = "$(TARGET_NAME)";
				WRAPPER_EXTENSION = app;
			};
			name = Release;
		};
/* End XCBuildConfiguration section */

/* Begin XCConfigurationList section */
		2D7D6EB016BBBB4400F8B98C /* Build configuration list for PBXProject "Homepwner" */ = {
			isa = XCConfigurationList;
			buildConfigurations = (
				2D7D6ED016BBBB4400F8B98C /* Debug */,
				2D7D6ED116BBBB4400F8B98C /* Release */,
			);
			defaultConfigurationIsVisible = 0;
			defaultConfigurationName = Release;
		};
		2D7D6ED216BBBB4400F8B98C /* Build configuration list for PBXNativeTarget "Homepwner" */ = {
			isa = XCConfigurationList;
			buildConfigurations = (
				2D7D6ED316BBBB4400F8B98C /* Debug */,
				2D7D6ED416BBBB4400F8B98C /* Release */,
			);
			defaultConfigurationIsVisible = 0;
			defaultConfigurationName = Release;
		};
/* End XCConfigurationList section */
	};
	rootObject = 2D7D6EAD16BBBB4400F8B98C /* Project object */;
}
