// !$*UTF8*$!
{
	archiveVersion = 1;
	classes = {
	};
	objectVersion = 46;
	objects = {

/* Begin PBXBuildFile section */
		2D0DD5BB151854B800669D5D /* PossessionStore.m in Sources */ = {isa = PBXBuildFile; fileRef = 2D0DD5BA151854B800669D5D /* PossessionStore.m */; };
		2D0DD5C5151AFE5200669D5D /* HeaderView.xib in Resources */ = {isa = PBXBuildFile; fileRef = 2D0DD5C4151AFE5200669D5D /* HeaderView.xib */; };
		2DC74F9E15184846003AC010 /* UIKit.framework in Frameworks */ = {isa = PBXBuildFile; fileRef = 2DC74F9D15184846003AC010 /* UIKit.framework */; };
		2DC74FA015184846003AC010 /* Foundation.framework in Frameworks */ = {isa = PBXBuildFile; fileRef = 2DC74F9F15184846003AC010 /* Foundation.framework */; };
		2DC74FA215184846003AC010 /* CoreGraphics.framework in Frameworks */ = {isa = PBXBuildFile; fileRef = 2DC74FA115184846003AC010 /* CoreGraphics.framework */; };
		2DC74FA815184846003AC010 /* InfoPlist.strings in Resources */ = {isa = PBXBuildFile; fileRef = 2DC74FA615184846003AC010 /* InfoPlist.strings */; };
		2DC74FAA15184846003AC010 /* main.m in Sources */ = {isa = PBXBuildFile; fileRef = 2DC74FA915184846003AC010 /* main.m */; };
		2DC74FAE15184846003AC010 /* SPAppDelegate.m in Sources */ = {isa = PBXBuildFile; fileRef = 2DC74FAD15184846003AC010 /* SPAppDelegate.m */; };
		2DC74FB515184860003AC010 /* MainWindow.xib in Resources */ = {isa = PBXBuildFile; fileRef = 2DC74FB415184860003AC010 /* MainWindow.xib */; };
		2DC74FB915184BDF003AC010 /* SPItemsViewController.m in Sources */ = {isa = PBXBuildFile; fileRef = 2DC74FB815184BDF003AC010 /* SPItemsViewController.m */; };
		2DC74FBC15185308003AC010 /* Possession.m in Sources */ = {isa = PBXBuildFile; fileRef = 2DC74FBB15185308003AC010 /* Possession.m */; };
/* End PBXBuildFile section */

/* Begin PBXFileReference section */
		2D0DD5B9151854B800669D5D /* PossessionStore.h */ = {isa = PBXFileReference; fileEncoding = 4; lastKnownFileType = sourcecode.c.h; path = PossessionStore.h; sourceTree = "<group>"; };
		2D0DD5BA151854B800669D5D /* PossessionStore.m */ = {isa = PBXFileReference; fileEncoding = 4; lastKnownFileType = sourcecode.c.objc; path = PossessionStore.m; sourceTree = "<group>"; };
		2D0DD5C4151AFE5200669D5D /* HeaderView.xib */ = {isa = PBXFileReference; fileEncoding = 4; lastKnownFileType = file.xib; path = HeaderView.xib; sourceTree = "<group>"; };
		2DC74F9915184846003AC010 /* Homepwner.app */ = {isa = PBXFileReference; explicitFileType = wrapper.application; includeInIndex = 0; path = Homepwner.app; sourceTree = BUILT_PRODUCTS_DIR; };
		2DC74F9D15184846003AC010 /* UIKit.framework */ = {isa = PBXFileReference; lastKnownFileType = wrapper.framework; name = UIKit.framework; path = System/Library/Frameworks/UIKit.framework; sourceTree = SDKROOT; };
		2DC74F9F15184846003AC010 /* Foundation.framework */ = {isa = PBXFileReference; lastKnownFileType = wrapper.framework; name = Foundation.framework; path = System/Library/Frameworks/Foundation.framework; sourceTree = SDKROOT; };
		2DC74FA115184846003AC010 /* CoreGraphics.framework */ = {isa = PBXFileReference; lastKnownFileType = wrapper.framework; name = CoreGraphics.framework; path = System/Library/Frameworks/CoreGraphics.framework; sourceTree = SDKROOT; };
		2DC74FA515184846003AC010 /* Homepwner-Info.plist */ = {isa = PBXFileReference; lastKnownFileType = text.plist.xml; path = "Homepwner-Info.plist"; sourceTree = "<group>"; };
		2DC74FA715184846003AC010 /* en */ = {isa = PBXFileReference; lastKnownFileType = text.plist.strings; name = en; path = en.lproj/InfoPlist.strings; sourceTree = "<group>"; };
		2DC74FA915184846003AC010 /* main.m */ = {isa = PBXFileReference; lastKnownFileType = sourcecode.c.objc; path = main.m; sourceTree = "<group>"; };
		2DC74FAB15184846003AC010 /* Homepwner-Prefix.pch */ = {isa = PBXFileReference; lastKnownFileType = sourcecode.c.h; path = "Homepwner-Prefix.pch"; sourceTree = "<group>"; };
		2DC74FAC15184846003AC010 /* SPAppDelegate.h */ = {isa = PBXFileReference; lastKnownFileType = sourcecode.c.h; path = SPAppDelegate.h; sourceTree = "<group>"; };
		2DC74FAD15184846003AC010 /* SPAppDelegate.m */ = {isa = PBXFileReference; lastKnownFileType = sourcecode.c.objc; path = SPAppDelegate.m; sourceTree = "<group>"; };
		2DC74FB415184860003AC010 /* MainWindow.xib */ = {isa = PBXFileReference; fileEncoding = 4; lastKnownFileType = file.xib; name = MainWindow.xib; path = ../MainWindow.xib; sourceTree = "<group>"; };
		2DC74FB715184BDF003AC010 /* SPItemsViewController.h */ = {isa = PBXFileReference; fileEncoding = 4; lastKnownFileType = sourcecode.c.h; path = SPItemsViewController.h; sourceTree = "<group>"; };
		2DC74FB815184BDF003AC010 /* SPItemsViewController.m */ = {isa = PBXFileReference; fileEncoding = 4; lastKnownFileType = sourcecode.c.objc; path = SPItemsViewController.m; sourceTree = "<group>"; };
		2DC74FBA15185308003AC010 /* Possession.h */ = {isa = PBXFileReference; fileEncoding = 4; lastKnownFileType = sourcecode.c.h; name = Possession.h; path = ../Possession.h; sourceTree = "<group>"; };
		2DC74FBB15185308003AC010 /* Possession.m */ = {isa = PBXFileReference; fileEncoding = 4; lastKnownFileType = sourcecode.c.objc; name = Possession.m; path = ../Possession.m; sourceTree = "<group>"; };
/* End PBXFileReference section */

/* Begin PBXFrameworksBuildPhase section */
		2DC74F9615184846003AC010 /* Frameworks */ = {
			isa = PBXFrameworksBuildPhase;
			buildActionMask = 2147483647;
			files = (
				2DC74F9E15184846003AC010 /* UIKit.framework in Frameworks */,
				2DC74FA015184846003AC010 /* Foundation.framework in Frameworks */,
				2DC74FA215184846003AC010 /* CoreGraphics.framework in Frameworks */,
			);
			runOnlyForDeploymentPostprocessing = 0;
		};
/* End PBXFrameworksBuildPhase section */

/* Begin PBXGroup section */
		2DC74F8E15184846003AC010 = {
			isa = PBXGroup;
			children = (
				2DC74FA315184846003AC010 /* Homepwner */,
				2DC74F9C15184846003AC010 /* Frameworks */,
				2DC74F9A15184846003AC010 /* Products */,
			);
			sourceTree = "<group>";
		};
		2DC74F9A15184846003AC010 /* Products */ = {
			isa = PBXGroup;
			children = (
				2DC74F9915184846003AC010 /* Homepwner.app */,
			);
			name = Products;
			sourceTree = "<group>";
		};
		2DC74F9C15184846003AC010 /* Frameworks */ = {
			isa = PBXGroup;
			children = (
				2DC74F9D15184846003AC010 /* UIKit.framework */,
				2DC74F9F15184846003AC010 /* Foundation.framework */,
				2DC74FA115184846003AC010 /* CoreGraphics.framework */,
			);
			name = Frameworks;
			sourceTree = "<group>";
		};
		2DC74FA315184846003AC010 /* Homepwner */ = {
			isa = PBXGroup;
			children = (
				2DC74FBA15185308003AC010 /* Possession.h */,
				2DC74FBB15185308003AC010 /* Possession.m */,
				2DC74FAC15184846003AC010 /* SPAppDelegate.h */,
				2DC74FAD15184846003AC010 /* SPAppDelegate.m */,
				2DC74FB715184BDF003AC010 /* SPItemsViewController.h */,
				2DC74FB815184BDF003AC010 /* SPItemsViewController.m */,
				2DC74FB61518489C003AC010 /* NIBs */,
				2DC74FA415184846003AC010 /* Supporting Files */,
				2D0DD5B9151854B800669D5D /* PossessionStore.h */,
				2D0DD5BA151854B800669D5D /* PossessionStore.m */,
			);
			path = Homepwner;
			sourceTree = "<group>";
		};
		2DC74FA415184846003AC010 /* Supporting Files */ = {
			isa = PBXGroup;
			children = (
				2DC74FA515184846003AC010 /* Homepwner-Info.plist */,
				2DC74FA615184846003AC010 /* InfoPlist.strings */,
				2DC74FA915184846003AC010 /* main.m */,
				2DC74FAB15184846003AC010 /* Homepwner-Prefix.pch */,
			);
			name = "Supporting Files";
			sourceTree = "<group>";
		};
		2DC74FB61518489C003AC010 /* NIBs */ = {
			isa = PBXGroup;
			children = (
				2D0DD5C4151AFE5200669D5D /* HeaderView.xib */,
				2DC74FB415184860003AC010 /* MainWindow.xib */,
			);
			name = NIBs;
			sourceTree = "<group>";
		};
/* End PBXGroup section */

/* Begin PBXNativeTarget section */
		2DC74F9815184846003AC010 /* Homepwner */ = {
			isa = PBXNativeTarget;
			buildConfigurationList = 2DC74FB115184846003AC010 /* Build configuration list for PBXNativeTarget "Homepwner" */;
			buildPhases = (
				2DC74F9515184846003AC010 /* Sources */,
				2DC74F9615184846003AC010 /* Frameworks */,
				2DC74F9715184846003AC010 /* Resources */,
			);
			buildRules = (
			);
			dependencies = (
			);
			name = Homepwner;
			productName = Homepwner;
			productReference = 2DC74F9915184846003AC010 /* Homepwner.app */;
			productType = "com.apple.product-type.application";
		};
/* End PBXNativeTarget section */

/* Begin PBXProject section */
		2DC74F9015184846003AC010 /* Project object */ = {
			isa = PBXProject;
			attributes = {
				LastUpgradeCheck = 0420;
				ORGANIZATIONNAME = "Software Developer";
			};
			buildConfigurationList = 2DC74F9315184846003AC010 /* Build configuration list for PBXProject "Homepwner" */;
			compatibilityVersion = "Xcode 3.2";
			developmentRegion = English;
			hasScannedForEncodings = 0;
			knownRegions = (
				en,
			);
			mainGroup = 2DC74F8E15184846003AC010;
			productRefGroup = 2DC74F9A15184846003AC010 /* Products */;
			projectDirPath = "";
			projectRoot = "";
			targets = (
				2DC74F9815184846003AC010 /* Homepwner */,
			);
		};
/* End PBXProject section */

/* Begin PBXResourcesBuildPhase section */
		2DC74F9715184846003AC010 /* Resources */ = {
			isa = PBXResourcesBuildPhase;
			buildActionMask = 2147483647;
			files = (
				2DC74FA815184846003AC010 /* InfoPlist.strings in Resources */,
				2DC74FB515184860003AC010 /* MainWindow.xib in Resources */,
				2D0DD5C5151AFE5200669D5D /* HeaderView.xib in Resources */,
			);
			runOnlyForDeploymentPostprocessing = 0;
		};
/* End PBXResourcesBuildPhase section */

/* Begin PBXSourcesBuildPhase section */
		2DC74F9515184846003AC010 /* Sources */ = {
			isa = PBXSourcesBuildPhase;
			buildActionMask = 2147483647;
			files = (
				2DC74FAA15184846003AC010 /* main.m in Sources */,
				2DC74FAE15184846003AC010 /* SPAppDelegate.m in Sources */,
				2DC74FB915184BDF003AC010 /* SPItemsViewController.m in Sources */,
				2DC74FBC15185308003AC010 /* Possession.m in Sources */,
				2D0DD5BB151854B800669D5D /* PossessionStore.m in Sources */,
			);
			runOnlyForDeploymentPostprocessing = 0;
		};
/* End PBXSourcesBuildPhase section */

/* Begin PBXVariantGroup section */
		2DC74FA615184846003AC010 /* InfoPlist.strings */ = {
			isa = PBXVariantGroup;
			children = (
				2DC74FA715184846003AC010 /* en */,
			);
			name = InfoPlist.strings;
			sourceTree = "<group>";
		};
/* End PBXVariantGroup section */

/* Begin XCBuildConfiguration section */
		2DC74FAF15184846003AC010 /* Debug */ = {
			isa = XCBuildConfiguration;
			buildSettings = {
				ALWAYS_SEARCH_USER_PATHS = NO;
				ARCHS = "$(ARCHS_STANDARD_32_BIT)";
				"CODE_SIGN_IDENTITY[sdk=iphoneos*]" = "iPhone Developer";
				COPY_PHASE_STRIP = NO;
				GCC_C_LANGUAGE_STANDARD = gnu99;
				GCC_DYNAMIC_NO_PIC = NO;
				GCC_OPTIMIZATION_LEVEL = 0;
				GCC_PREPROCESSOR_DEFINITIONS = (
					"DEBUG=1",
					"$(inherited)",
				);
				GCC_SYMBOLS_PRIVATE_EXTERN = NO;
				GCC_VERSION = com.apple.compilers.llvm.clang.1_0;
				GCC_WARN_ABOUT_MISSING_PROTOTYPES = YES;
				GCC_WARN_ABOUT_RETURN_TYPE = YES;
				GCC_WARN_UNUSED_VARIABLE = YES;
				IPHONEOS_DEPLOYMENT_TARGET = 5.0;
				SDKROOT = iphoneos;
			};
			name = Debug;
		};
		2DC74FB015184846003AC010 /* Release */ = {
			isa = XCBuildConfiguration;
			buildSettings = {
				ALWAYS_SEARCH_USER_PATHS = NO;
				ARCHS = "$(ARCHS_STANDARD_32_BIT)";
				"CODE_SIGN_IDENTITY[sdk=iphoneos*]" = "iPhone Developer";
				COPY_PHASE_STRIP = YES;
				GCC_C_LANGUAGE_STANDARD = gnu99;
				GCC_VERSION = com.apple.compilers.llvm.clang.1_0;
				GCC_WARN_ABOUT_MISSING_PROTOTYPES = YES;
				GCC_WARN_ABOUT_RETURN_TYPE = YES;
				GCC_WARN_UNUSED_VARIABLE = YES;
				IPHONEOS_DEPLOYMENT_TARGET = 5.0;
				OTHER_CFLAGS = "-DNS_BLOCK_ASSERTIONS=1";
				SDKROOT = iphoneos;
				VALIDATE_PRODUCT = YES;
			};
			name = Release;
		};
		2DC74FB215184846003AC010 /* Debug */ = {
			isa = XCBuildConfiguration;
			buildSettings = {
				GCC_PRECOMPILE_PREFIX_HEADER = YES;
				GCC_PREFIX_HEADER = "Homepwner/Homepwner-Prefix.pch";
				INFOPLIST_FILE = "Homepwner/Homepwner-Info.plist";
				PRODUCT_NAME = "$(TARGET_NAME)";
				WRAPPER_EXTENSION = app;
			};
			name = Debug;
		};
		2DC74FB315184846003AC010 /* Release */ = {
			isa = XCBuildConfiguration;
			buildSettings = {
				GCC_PRECOMPILE_PREFIX_HEADER = YES;
				GCC_PREFIX_HEADER = "Homepwner/Homepwner-Prefix.pch";
				INFOPLIST_FILE = "Homepwner/Homepwner-Info.plist";
				PRODUCT_NAME = "$(TARGET_NAME)";
				WRAPPER_EXTENSION = app;
			};
			name = Release;
		};
/* End XCBuildConfiguration section */

/* Begin XCConfigurationList section */
		2DC74F9315184846003AC010 /* Build configuration list for PBXProject "Homepwner" */ = {
			isa = XCConfigurationList;
			buildConfigurations = (
				2DC74FAF15184846003AC010 /* Debug */,
				2DC74FB015184846003AC010 /* Release */,
			);
			defaultConfigurationIsVisible = 0;
			defaultConfigurationName = Release;
		};
		2DC74FB115184846003AC010 /* Build configuration list for PBXNativeTarget "Homepwner" */ = {
			isa = XCConfigurationList;
			buildConfigurations = (
				2DC74FB215184846003AC010 /* Debug */,
				2DC74FB315184846003AC010 /* Release */,
			);
			defaultConfigurationIsVisible = 0;
			defaultConfigurationName = Release;
		};
/* End XCConfigurationList section */
	};
	rootObject = 2DC74F9015184846003AC010 /* Project object */;
}
